
Microsoft Visual Studio Solution File, Format Version 12.00
# Visual Studio Version 16
VisualStudioVersion = 16.0.29911.84
MinimumVisualStudioVersion = 10.0.40219.1
Project("{FAE04EC0-301F-11D3-BF4B-00C04F79EFBC}") = "ServiceEmailSender", "ServiceEmailSender\ServiceEmailSender.csproj", "{4DDDD1B4-8D79-4AFF-93F7-89C64F4F85C5}"
EndProject
Global
	GlobalSection(SolutionConfigurationPlatforms) = preSolution
		Debug|Any CPU = Debug|Any CPU
		Release|Any CPU = Release|Any CPU
	EndGlobalSection
	GlobalSection(ProjectConfigurationPlatforms) = postSolution
		{4DDDD1B4-8D79-4AFF-93F7-89C64F4F85C5}.Debug|Any CPU.ActiveCfg = Debug|Any CPU
		{4DDDD1B4-8D79-4AFF-93F7-89C64F4F85C5}.Debug|Any CPU.Build.0 = Debug|Any CPU
		{4DDDD1B4-8D79-4AFF-93F7-89C64F4F85C5}.Release|Any CPU.ActiveCfg = Release|Any CPU
		{4DDDD1B4-8D79-4AFF-93F7-89C64F4F85C5}.Release|Any CPU.Build.0 = Release|Any CPU
	EndGlobalSection
	GlobalSection(SolutionProperties) = preSolution
		HideSolutionNode = FALSE
	EndGlobalSection
	GlobalSection(ExtensibilityGlobals) = postSolution
		SolutionGuid = {4E456359-33B5-48E8-BEC1-8B5311BACF65}
	EndGlobalSection
EndGlobal
